
Microsoft Visual Studio Solution File, Format Version 12.00
# Visual Studio 15
VisualStudioVersion = 15.0.28307.136
MinimumVisualStudioVersion = 10.0.40219.1
Project("{FAE04EC0-301F-11D3-BF4B-00C04F79EFBC}") = "DatingApp.WepAPI", "DatingApp.WepAPI\DatingApp.WepAPI.csproj", "{DD5F384A-F435-4D77-B939-0E91FB2911F2}"
EndProject
Global
	GlobalSection(SolutionConfigurationPlatforms) = preSolution
		Debug|Any CPU = Debug|Any CPU
		Release|Any CPU = Release|Any CPU
	EndGlobalSection
	GlobalSection(ProjectConfigurationPlatforms) = postSolution
		{DD5F384A-F435-4D77-B939-0E91FB2911F2}.Debug|Any CPU.ActiveCfg = Debug|Any CPU
		{DD5F384A-F435-4D77-B939-0E91FB2911F2}.Debug|Any CPU.Build.0 = Debug|Any CPU
		{DD5F384A-F435-4D77-B939-0E91FB2911F2}.Release|Any CPU.ActiveCfg = Release|Any CPU
		{DD5F384A-F435-4D77-B939-0E91FB2911F2}.Release|Any CPU.Build.0 = Release|Any CPU
	EndGlobalSection
	GlobalSection(SolutionProperties) = preSolution
		HideSolutionNode = FALSE
	EndGlobalSection
	GlobalSection(ExtensibilityGlobals) = postSolution
		SolutionGuid = {3E504F53-75A0-47F5-AC70-2E76A84C3827}
	EndGlobalSection
EndGlobal
